
Microsoft Visual Studio Solution File, Format Version 12.00
Project("{FAE04EC0-301F-11D3-BF4B-00C04F79EFBC}") = "JSettings.Core", "JSettings.Core\JSettings.Core.csproj", "{81578282-A196-407C-935A-8A8DE81AB6DE}"
EndProject
Global
	GlobalSection(SolutionConfigurationPlatforms) = preSolution
		Debug|Any CPU = Debug|Any CPU
		Release|Any CPU = Release|Any CPU
	EndGlobalSection
	GlobalSection(ProjectConfigurationPlatforms) = postSolution
		{81578282-A196-407C-935A-8A8DE81AB6DE}.Debug|Any CPU.ActiveCfg = Debug|Any CPU
		{81578282-A196-407C-935A-8A8DE81AB6DE}.Debug|Any CPU.Build.0 = Debug|Any CPU
		{81578282-A196-407C-935A-8A8DE81AB6DE}.Release|Any CPU.ActiveCfg = Release|Any CPU
		{81578282-A196-407C-935A-8A8DE81AB6DE}.Release|Any CPU.Build.0 = Release|Any CPU
	EndGlobalSection
EndGlobal
